
Microsoft Visual Studio Solution File, Format Version 12.00
# Visual Studio Version 16
VisualStudioVersion = 16.0.31410.357
MinimumVisualStudioVersion = 10.0.40219.1
Project("{FAE04EC0-301F-11D3-BF4B-00C04F79EFBC}") = "ConsoleApp1", "ConsoleApp1\ConsoleApp1.csproj", "{C095F693-0F55-4D5B-8EA5-50D0C5976BF6}"
EndProject
Global
	GlobalSection(SolutionConfigurationPlatforms) = preSolution
		Debug|Any CPU = Debug|Any CPU
		Release|Any CPU = Release|Any CPU
	EndGlobalSection
	GlobalSection(ProjectConfigurationPlatforms) = postSolution
		{C095F693-0F55-4D5B-8EA5-50D0C5976BF6}.Debug|Any CPU.ActiveCfg = Debug|Any CPU
		{C095F693-0F55-4D5B-8EA5-50D0C5976BF6}.Debug|Any CPU.Build.0 = Debug|Any CPU
		{C095F693-0F55-4D5B-8EA5-50D0C5976BF6}.Release|Any CPU.ActiveCfg = Release|Any CPU
		{C095F693-0F55-4D5B-8EA5-50D0C5976BF6}.Release|Any CPU.Build.0 = Release|Any CPU
	EndGlobalSection
	GlobalSection(SolutionProperties) = preSolution
		HideSolutionNode = FALSE
	EndGlobalSection
	GlobalSection(ExtensibilityGlobals) = postSolution
		SolutionGuid = {9F253D07-B59A-419C-8711-A2E6B70C272B}
	EndGlobalSection
EndGlobal
